<?xml version="1.0" encoding="utf-8"?>
<Project ToolsVersion="4.0" xmlns="http://schemas.microsoft.com/developer/msbuild/2003">
  <ItemGroup>
    <Filter Include="Archivos de código fuente">
      <UniqueIdentifier>{4FC737F1-C7A5-4376-A066-2A32D752A2FF}</UniqueIdentifier>
      <Extensions>cpp;c;cc;cxx;def;odl;idl;hpj;bat;asm;asmx</Extensions>
    </Filter>
    <Filter Include="Archivos de encabezado">
      <UniqueIdentifier>{93995380-89BD-4b04-88EB-625FBE52EBFB}</UniqueIdentifier>
      <Extensions>h;hh;hpp;hxx;hm;inl;inc;xsd</Extensions>
    </Filter>
    <Filter Include="Archivos de recursos">
      <UniqueIdentifier>{67DA6AB6-F800-4c08-8B7A-83BB121AAD01}</UniqueIdentifier>
      <Extensions>rc;ico;cur;bmp;dlg;rc2;rct;bin;rgs;gif;jpg;jpeg;jpe;resx;tiff;tif;png;wav;mfcribbon-ms</Extensions>
    </Filter>
    <Filter Include="Archivos de código fuente\Entity">
      <UniqueIdentifier>{a4c14d88-4846-4993-8606-8ad2afd1d211}</UniqueIdentifier>
    </Filter>
    <Filter Include="Archivos de código fuente\Scene">
      <UniqueIdentifier>{e6c2b064-4e1a-483a-8572-efe57c1265bf}</UniqueIdentifier>
    </Filter>
    <Filter Include="Archivos de encabezado\Entity">
      <UniqueIdentifier>{b4559c9f-5e24-4520-a975-1f039e0017fd}</UniqueIdentifier>
    </Filter>
    <Filter Include="Archivos de encabezado\Scene">
      <UniqueIdentifier>{2f7ac24e-1a6a-40db-b3f3-f63e48c07296}</UniqueIdentifier>
    </Filter>
    <Filter Include="Archivos de código fuente\Sprites">
      <UniqueIdentifier>{28e0b454-46d5-43b7-9be0-c9d50cd7cb4e}</UniqueIdentifier>
    </Filter>
    <Filter Include="Archivos de encabezado\Pattern">
      <UniqueIdentifier>{7ca36094-b0a3-441b-822d-389aa7cc12e7}</UniqueIdentifier>
    </Filter>
  </ItemGroup>
  <ItemGroup>
    <ClCompile Include="Game.cpp">
      <Filter>Archivos de código fuente</Filter>
    </ClCompile>
    <ClCompile Include="main.cpp">
      <Filter>Archivos de código fuente</Filter>
    </ClCompile>
    <ClCompile Include="Quad.cpp">
      <Filter>Archivos de código fuente</Filter>
    </ClCompile>
    <ClCompile Include="Shader.cpp">
      <Filter>Archivos de código fuente</Filter>
    </ClCompile>
    <ClCompile Include="ShaderProgram.cpp">
      <Filter>Archivos de código fuente</Filter>
    </ClCompile>
    <ClCompile Include="Text.cpp">
      <Filter>Archivos de código fuente</Filter>
    </ClCompile>
    <ClCompile Include="Texture.cpp">
      <Filter>Archivos de código fuente</Filter>
    </ClCompile>
    <ClCompile Include="TexturedQuad.cpp">
      <Filter>Archivos de código fuente</Filter>
    </ClCompile>
    <ClCompile Include="TileMap.cpp">
      <Filter>Archivos de código fuente</Filter>
    </ClCompile>
    <ClCompile Include="Entity.cpp">
      <Filter>Archivos de código fuente\Entity</Filter>
    </ClCompile>
    <ClCompile Include="Player.cpp">
      <Filter>Archivos de código fuente\Entity</Filter>
    </ClCompile>
    <ClCompile Include="ShootingEntity.cpp">
      <Filter>Archivos de código fuente\Entity</Filter>
    </ClCompile>
    <ClCompile Include="SceneMenu.cpp">
      <Filter>Archivos de código fuente\Scene</Filter>
    </ClCompile>
    <ClCompile Include="SceneInstructions.cpp">
      <Filter>Archivos de código fuente\Scene</Filter>
    </ClCompile>
    <ClCompile Include="SceneCredits.cpp">
      <Filter>Archivos de código fuente\Scene</Filter>
    </ClCompile>
    <ClCompile Include="Scene.cpp">
      <Filter>Archivos de código fuente\Scene</Filter>
    </ClCompile>
    <ClCompile Include="Camera.cpp">
      <Filter>Archivos de código fuente</Filter>
    </ClCompile>
    <ClCompile Include="Sprite.cpp">
      <Filter>Archivos de código fuente\Sprites</Filter>
    </ClCompile>
    <ClCompile Include="SpriteSpaceship.cpp">
      <Filter>Archivos de código fuente\Sprites</Filter>
    </ClCompile>
    <ClCompile Include="PassiveEntity.cpp">
      <Filter>Archivos de código fuente\Entity</Filter>
    </ClCompile>
    <ClCompile Include="PatternSin.cpp">
      <Filter>Archivos de código fuente</Filter>
    </ClCompile>
    <ClCompile Include="AutonomousEntity.cpp">
      <Filter>Archivos de código fuente\Entity</Filter>
    </ClCompile>
    <ClCompile Include="EnemyBullet.cpp">
      <Filter>Archivos de código fuente\Entity</Filter>
    </ClCompile>
    <ClCompile Include="RedPlane.cpp">
      <Filter>Archivos de código fuente\Entity</Filter>
    </ClCompile>
    <ClCompile Include="SpaceshipBeam.cpp">
      <Filter>Archivos de código fuente\Entity</Filter>
    </ClCompile>
    <ClCompile Include="SpaceshipBullet.cpp">
      <Filter>Archivos de código fuente\Entity</Filter>
    </ClCompile>
    <ClCompile Include="SceneLevel.cpp">
      <Filter>Archivos de código fuente</Filter>
    </ClCompile>
    <ClCompile Include="ForceCoin.cpp">
      <Filter>Archivos de código fuente</Filter>
    </ClCompile>
    <ClCompile Include="Force.cpp">
      <Filter>Archivos de código fuente</Filter>
    </ClCompile>
  </ItemGroup>
  <ItemGroup>
    <ClInclude Include="Game.h">
      <Filter>Archivos de encabezado</Filter>
    </ClInclude>
    <ClInclude Include="Quad.h">
      <Filter>Archivos de encabezado</Filter>
    </ClInclude>
    <ClInclude Include="Shader.h">
      <Filter>Archivos de encabezado</Filter>
    </ClInclude>
    <ClInclude Include="ShaderProgram.h">
      <Filter>Archivos de encabezado</Filter>
    </ClInclude>
    <ClInclude Include="Text.h">
      <Filter>Archivos de encabezado</Filter>
    </ClInclude>
    <ClInclude Include="Texture.h">
      <Filter>Archivos de encabezado</Filter>
    </ClInclude>
    <ClInclude Include="TexturedQuad.h">
      <Filter>Archivos de encabezado</Filter>
    </ClInclude>
    <ClInclude Include="AnimKeyframes.h">
      <Filter>Archivos de encabezado</Filter>
    </ClInclude>
    <ClInclude Include="Sprite.h">
      <Filter>Archivos de encabezado</Filter>
    </ClInclude>
    <ClInclude Include="SpriteSpaceship.h">
      <Filter>Archivos de encabezado</Filter>
    </ClInclude>
    <ClInclude Include="TileMap.h">
      <Filter>Archivos de encabezado</Filter>
    </ClInclude>
    <ClInclude Include="Entity.h">
      <Filter>Archivos de encabezado\Entity</Filter>
    </ClInclude>
    <ClInclude Include="PassiveEntity.h">
      <Filter>Archivos de encabezado\Entity</Filter>
    </ClInclude>
    <ClInclude Include="Player.h">
      <Filter>Archivos de encabezado\Entity</Filter>
    </ClInclude>
    <ClInclude Include="ShootingEntity.h">
      <Filter>Archivos de encabezado\Entity</Filter>
    </ClInclude>
    <ClInclude Include="Scene.h">
      <Filter>Archivos de encabezado\Scene</Filter>
    </ClInclude>
    <ClInclude Include="SceneCredits.h">
      <Filter>Archivos de encabezado\Scene</Filter>
    </ClInclude>
    <ClInclude Include="SceneInstructions.h">
      <Filter>Archivos de encabezado\Scene</Filter>
    </ClInclude>
    <ClInclude Include="SceneMenu.h">
      <Filter>Archivos de encabezado\Scene</Filter>
    </ClInclude>
    <ClInclude Include="Camera.h">
      <Filter>Archivos de encabezado</Filter>
    </ClInclude>
    <ClInclude Include="Pattern.h">
      <Filter>Archivos de encabezado\Pattern</Filter>
    </ClInclude>
    <ClInclude Include="PatternSin.h">
      <Filter>Archivos de encabezado</Filter>
    </ClInclude>
    <ClInclude Include="AutonomousEntity.h">
      <Filter>Archivos de encabezado\Entity</Filter>
    </ClInclude>
    <ClInclude Include="RedPlane.h">
      <Filter>Archivos de encabezado</Filter>
    </ClInclude>
    <ClInclude Include="SpaceshipBullet.h">
      <Filter>Archivos de encabezado</Filter>
    </ClInclude>
    <ClInclude Include="SpaceshipBeam.h">
      <Filter>Archivos de encabezado</Filter>
    </ClInclude>
    <ClInclude Include="EnemyBullet.h">
      <Filter>Archivos de encabezado</Filter>
    </ClInclude>
    <ClInclude Include="SceneLevel.h">
      <Filter>Archivos de encabezado</Filter>
    </ClInclude>
    <ClInclude Include="ForceCoin.h">
      <Filter>Archivos de encabezado</Filter>
    </ClInclude>
    <ClInclude Include="resource.h">
      <Filter>Archivos de encabezado</Filter>
    </ClInclude>
    <ClInclude Include="Force.h">
      <Filter>Archivos de encabezado</Filter>
    </ClInclude>
  </ItemGroup>
  <ItemGroup>
    <None Include="ClassDiagram.cd" />
    <None Include="ClassDiagram1.cd" />
  </ItemGroup>
  <ItemGroup>
    <ResourceCompile Include="R-Type.rc">
      <Filter>Archivos de recursos</Filter>
    </ResourceCompile>
  </ItemGroup>
  <ItemGroup>
    <Image Include="..\..\sprites\fileIcon.png">
      <Filter>Archivos de recursos</Filter>
    </Image>
    <Image Include="icon1.ico">
      <Filter>Archivos de recursos</Filter>
    </Image>
    <Image Include="..\..\sprites\fileIcon.ico">
      <Filter>Archivos de recursos</Filter>
    </Image>
    <Image Include="images\fileIcon.ico">
      <Filter>Archivos de recursos</Filter>
    </Image>
    <Image Include="images\fileIcon.png">
      <Filter>Archivos de recursos</Filter>
    </Image>
  </ItemGroup>
</Project>